
Microsoft Visual Studio Solution File, Format Version 12.00
# Visual Studio Version 16
VisualStudioVersion = 16.0.30717.126
MinimumVisualStudioVersion = 10.0.40219.1
Project("{FAE04EC0-301F-11D3-BF4B-00C04F79EFBC}") = "MasterMindWpf", "MasterMindWpf\MasterMindWpf.csproj", "{2F2B8599-95F1-4CD4-80CA-BDBB80A29573}"
EndProject
Global
	GlobalSection(SolutionConfigurationPlatforms) = preSolution
		Debug|Any CPU = Debug|Any CPU
		Release|Any CPU = Release|Any CPU
	EndGlobalSection
	GlobalSection(ProjectConfigurationPlatforms) = postSolution
		{2F2B8599-95F1-4CD4-80CA-BDBB80A29573}.Debug|Any CPU.ActiveCfg = Debug|Any CPU
		{2F2B8599-95F1-4CD4-80CA-BDBB80A29573}.Debug|Any CPU.Build.0 = Debug|Any CPU
		{2F2B8599-95F1-4CD4-80CA-BDBB80A29573}.Release|Any CPU.ActiveCfg = Release|Any CPU
		{2F2B8599-95F1-4CD4-80CA-BDBB80A29573}.Release|Any CPU.Build.0 = Release|Any CPU
	EndGlobalSection
	GlobalSection(SolutionProperties) = preSolution
		HideSolutionNode = FALSE
	EndGlobalSection
	GlobalSection(ExtensibilityGlobals) = postSolution
		SolutionGuid = {0621A48D-0E7A-46A9-8860-F20AFDB683EF}
	EndGlobalSection
EndGlobal
